
Microsoft Visual Studio Solution File, Format Version 12.00
# Visual Studio Version 16
VisualStudioVersion = 16.0.29728.190
MinimumVisualStudioVersion = 10.0.40219.1
Project("{9A19103F-16F7-4668-BE54-9A1E7A4F7556}") = "EShop.Server", "EShop.Server\EShop.Server.csproj", "{6753EC75-D288-473D-9975-E60F813F0445}"
EndProject
Project("{FAE04EC0-301F-11D3-BF4B-00C04F79EFBC}") = "GHNApi", "GHNApi\GHNApi.csproj", "{FDC21F57-2E56-45DF-8AF5-D71841528402}"
EndProject
Global
	GlobalSection(SolutionConfigurationPlatforms) = preSolution
		Debug|Any CPU = Debug|Any CPU
		Release|Any CPU = Release|Any CPU
	EndGlobalSection
	GlobalSection(ProjectConfigurationPlatforms) = postSolution
		{6753EC75-D288-473D-9975-E60F813F0445}.Debug|Any CPU.ActiveCfg = Debug|Any CPU
		{6753EC75-D288-473D-9975-E60F813F0445}.Debug|Any CPU.Build.0 = Debug|Any CPU
		{6753EC75-D288-473D-9975-E60F813F0445}.Release|Any CPU.ActiveCfg = Release|Any CPU
		{6753EC75-D288-473D-9975-E60F813F0445}.Release|Any CPU.Build.0 = Release|Any CPU
		{FDC21F57-2E56-45DF-8AF5-D71841528402}.Debug|Any CPU.ActiveCfg = Debug|Any CPU
		{FDC21F57-2E56-45DF-8AF5-D71841528402}.Debug|Any CPU.Build.0 = Debug|Any CPU
		{FDC21F57-2E56-45DF-8AF5-D71841528402}.Release|Any CPU.ActiveCfg = Release|Any CPU
		{FDC21F57-2E56-45DF-8AF5-D71841528402}.Release|Any CPU.Build.0 = Release|Any CPU
	EndGlobalSection
	GlobalSection(SolutionProperties) = preSolution
		HideSolutionNode = FALSE
	EndGlobalSection
	GlobalSection(ExtensibilityGlobals) = postSolution
		SolutionGuid = {167E7DE5-6296-43CE-9404-C4A2BDB64D12}
	EndGlobalSection
EndGlobal
