{
  "requires": true,
  "lockfileVersion": 1,
  "dependencies": {
    "@uirouter/angularjs": {
      "version": "1.0.25",
      "resolved": "https://registry.npmjs.org/@uirouter/angularjs/-/angularjs-1.0.25.tgz",
      "integrity": "sha512-kf9bxBhqa1ZUw0aDlz4H17VqAD30MVJY6HM7J628vDeNN9yZt7SDYpwqSrR3y6NBadZUPjaKsDoKsyQQSWArNA==",
      "requires": {
        "@uirouter/core": "6.0.4"
      }
    },
    "@uirouter/core": {
      "version": "6.0.4",
      "resolved": "https://registry.npmjs.org/@uirouter/core/-/core-6.0.4.tgz",
      "integrity": "sha512-TQ9XOzZY+jmWKkU4993MAEBIy7Bs3kijDzj+A6RHR8gq/3UoQm3Q/l1igfao5GZyBjid7eRVeipPK14ovCYQ3g=="
    },
    "angular": {
      "version": "1.7.9",
      "resolved": "https://registry.npmjs.org/angular/-/angular-1.7.9.tgz",
      "integrity": "sha512-5se7ZpcOtu0MBFlzGv5dsM1quQDoDeUTwZrWjGtTNA7O88cD8TEk5IEKCTDa3uECV9XnvKREVUr7du1ACiWGFQ=="
    }
  }
}
